
Microsoft Visual Studio Solution File, Format Version 12.00
# Visual Studio Version 17
VisualStudioVersion = 17.0.32112.339
MinimumVisualStudioVersion = 10.0.40219.1
Project("{FAE04EC0-301F-11D3-BF4B-00C04F79EFBC}") = "LineComparision", "LineComparision\LineComparision.csproj", "{222EC3F1-8844-4CFE-A8EE-852C6208708C}"
EndProject
Global
	GlobalSection(SolutionConfigurationPlatforms) = preSolution
		Debug|Any CPU = Debug|Any CPU
		Release|Any CPU = Release|Any CPU
	EndGlobalSection
	GlobalSection(ProjectConfigurationPlatforms) = postSolution
		{222EC3F1-8844-4CFE-A8EE-852C6208708C}.Debug|Any CPU.ActiveCfg = Debug|Any CPU
		{222EC3F1-8844-4CFE-A8EE-852C6208708C}.Debug|Any CPU.Build.0 = Debug|Any CPU
		{222EC3F1-8844-4CFE-A8EE-852C6208708C}.Release|Any CPU.ActiveCfg = Release|Any CPU
		{222EC3F1-8844-4CFE-A8EE-852C6208708C}.Release|Any CPU.Build.0 = Release|Any CPU
	EndGlobalSection
	GlobalSection(SolutionProperties) = preSolution
		HideSolutionNode = FALSE
	EndGlobalSection
	GlobalSection(ExtensibilityGlobals) = postSolution
		SolutionGuid = {41B1ED33-FC70-41F0-9646-AE335E4826CD}
	EndGlobalSection
EndGlobal
